// !$*UTF8*$!
{
	archiveVersion = 1;
	classes = {
	};
	objectVersion = 56;
	objects = {

/* Begin PBXBuildFile section */
		6BB4B1422B60EEA90028B8CA /* CryptoApp.swift in Sources */ = {isa = PBXBuildFile; fileRef = 6BB4B1412B60EEA90028B8CA /* CryptoApp.swift */; };
		6BB4B1492B60EEAB0028B8CA /* Preview Assets.xcassets in Resources */ = {isa = PBXBuildFile; fileRef = 6BB4B1482B60EEAB0028B8CA /* Preview Assets.xcassets */; };
		6BB4B1502B60EF6B0028B8CA /* Assets.xcassets in Resources */ = {isa = PBXBuildFile; fileRef = 6BB4B14F2B60EF6B0028B8CA /* Assets.xcassets */; };
		6BB4B1532B60F0490028B8CA /* Color.swift in Sources */ = {isa = PBXBuildFile; fileRef = 6BB4B1522B60F0490028B8CA /* Color.swift */; };
		6BB4B15A2B60F21C0028B8CA /* HomeView.swift in Sources */ = {isa = PBXBuildFile; fileRef = 6BB4B1592B60F21C0028B8CA /* HomeView.swift */; };
		6BB4B15E2B60F3360028B8CA /* CircleButtonView.swift in Sources */ = {isa = PBXBuildFile; fileRef = 6BB4B15D2B60F3360028B8CA /* CircleButtonView.swift */; };
		6BB4B1602B60F66D0028B8CA /* CircleButtonAnimationView.swift in Sources */ = {isa = PBXBuildFile; fileRef = 6BB4B15F2B60F66D0028B8CA /* CircleButtonAnimationView.swift */; };
		6BB4B1632B60F9030028B8CA /* CoinModel.swift in Sources */ = {isa = PBXBuildFile; fileRef = 6BB4B1622B60F9030028B8CA /* CoinModel.swift */; };
		6BB4B1652B6123870028B8CA /* CoinRowView.swift in Sources */ = {isa = PBXBuildFile; fileRef = 6BB4B1642B6123870028B8CA /* CoinRowView.swift */; };
		6BB4B1672B6123E90028B8CA /* PreviewProvider.swift in Sources */ = {isa = PBXBuildFile; fileRef = 6BB4B1662B6123E90028B8CA /* PreviewProvider.swift */; };
		6BB4B1692B6127910028B8CA /* Double.swift in Sources */ = {isa = PBXBuildFile; fileRef = 6BB4B1682B6127910028B8CA /* Double.swift */; };
		6BB4B16B2B6134B40028B8CA /* HomeViewModel.swift in Sources */ = {isa = PBXBuildFile; fileRef = 6BB4B16A2B6134B40028B8CA /* HomeViewModel.swift */; };
		6BB4B16E2B613AE20028B8CA /* CoinDataService.swift in Sources */ = {isa = PBXBuildFile; fileRef = 6BB4B16D2B613AE20028B8CA /* CoinDataService.swift */; };
		6BB4B1712B61636E0028B8CA /* NetworkingManager.swift in Sources */ = {isa = PBXBuildFile; fileRef = 6BB4B1702B61636E0028B8CA /* NetworkingManager.swift */; };
		6BC244132B62338F0021E863 /* CoinImageView.swift in Sources */ = {isa = PBXBuildFile; fileRef = 6BC244122B62338F0021E863 /* CoinImageView.swift */; };
		6BC244152B62352E0021E863 /* CoinImageService.swift in Sources */ = {isa = PBXBuildFile; fileRef = 6BC244142B62352E0021E863 /* CoinImageService.swift */; };
		6BC244172B6237000021E863 /* CoinImageViewModel.swift in Sources */ = {isa = PBXBuildFile; fileRef = 6BC244162B6237000021E863 /* CoinImageViewModel.swift */; };
		6BC244192B623E0E0021E863 /* LocalFileManager.swift in Sources */ = {isa = PBXBuildFile; fileRef = 6BC244182B623E0E0021E863 /* LocalFileManager.swift */; };
		6BC2441B2B6265850021E863 /* SearchBarView.swift in Sources */ = {isa = PBXBuildFile; fileRef = 6BC2441A2B6265850021E863 /* SearchBarView.swift */; };
		6BC2441D2B6269640021E863 /* UIApplication.swift in Sources */ = {isa = PBXBuildFile; fileRef = 6BC2441C2B6269640021E863 /* UIApplication.swift */; };
		6BC2441F2B6280D20021E863 /* StatisticModel.swift in Sources */ = {isa = PBXBuildFile; fileRef = 6BC2441E2B6280D20021E863 /* StatisticModel.swift */; };
		6BC244212B6282400021E863 /* StatisticView.swift in Sources */ = {isa = PBXBuildFile; fileRef = 6BC244202B6282400021E863 /* StatisticView.swift */; };
		6BC244232B6285C90021E863 /* HomeStatsView.swift in Sources */ = {isa = PBXBuildFile; fileRef = 6BC244222B6285C90021E863 /* HomeStatsView.swift */; };
		6BC244252B6293300021E863 /* MarketDataModel.swift in Sources */ = {isa = PBXBuildFile; fileRef = 6BC244242B6293300021E863 /* MarketDataModel.swift */; };
		6BC244272B62977C0021E863 /* MarketDataService.swift in Sources */ = {isa = PBXBuildFile; fileRef = 6BC244262B62977B0021E863 /* MarketDataService.swift */; };
		6BC244292B62A56E0021E863 /* PortfolioView.swift in Sources */ = {isa = PBXBuildFile; fileRef = 6BC244282B62A56E0021E863 /* PortfolioView.swift */; };
		6BC2442B2B62A95F0021E863 /* XMark.swift in Sources */ = {isa = PBXBuildFile; fileRef = 6BC2442A2B62A95F0021E863 /* XMark.swift */; };
		6BC2442D2B6386420021E863 /* CoinLogoView.swift in Sources */ = {isa = PBXBuildFile; fileRef = 6BC2442C2B6386420021E863 /* CoinLogoView.swift */; };
		6BC244302B6395710021E863 /* PortfolioContainer.xcdatamodeld in Sources */ = {isa = PBXBuildFile; fileRef = 6BC2442E2B6395700021E863 /* PortfolioContainer.xcdatamodeld */; };
		6BC244322B6396160021E863 /* PortfolioDataService.swift in Sources */ = {isa = PBXBuildFile; fileRef = 6BC244312B6396160021E863 /* PortfolioDataService.swift */; };
		6BC244342B63BDFB0021E863 /* HapticManager.swift in Sources */ = {isa = PBXBuildFile; fileRef = 6BC244332B63BDFB0021E863 /* HapticManager.swift */; };
		6BC244392B63C8B90021E863 /* DetailView.swift in Sources */ = {isa = PBXBuildFile; fileRef = 6BC244382B63C8B90021E863 /* DetailView.swift */; };
		6BC2443B2B64D9150021E863 /* CoinDetailModel.swift in Sources */ = {isa = PBXBuildFile; fileRef = 6BC2443A2B64D9140021E863 /* CoinDetailModel.swift */; };
		6BC2443D2B64DADC0021E863 /* DetailViewModel.swift in Sources */ = {isa = PBXBuildFile; fileRef = 6BC2443C2B64DADC0021E863 /* DetailViewModel.swift */; };
		6BC2443F2B64DD000021E863 /* CoinDetailDataService.swift in Sources */ = {isa = PBXBuildFile; fileRef = 6BC2443E2B64DD000021E863 /* CoinDetailDataService.swift */; };
		6BC244412B64E1C60021E863 /* String.swift in Sources */ = {isa = PBXBuildFile; fileRef = 6BC244402B64E1C60021E863 /* String.swift */; };
		6BC244432B6501030021E863 /* ChartView.swift in Sources */ = {isa = PBXBuildFile; fileRef = 6BC244422B6501030021E863 /* ChartView.swift */; };
		6BC244452B654C580021E863 /* Date.swift in Sources */ = {isa = PBXBuildFile; fileRef = 6BC244442B654C580021E863 /* Date.swift */; };
/* End PBXBuildFile section */

/* Begin PBXFileReference section */
		6BB4B13E2B60EEA90028B8CA /* Crypto.app */ = {isa = PBXFileReference; explicitFileType = wrapper.application; includeInIndex = 0; path = Crypto.app; sourceTree = BUILT_PRODUCTS_DIR; };
		6BB4B1412B60EEA90028B8CA /* CryptoApp.swift */ = {isa = PBXFileReference; lastKnownFileType = sourcecode.swift; path = CryptoApp.swift; sourceTree = "<group>"; };
		6BB4B1482B60EEAB0028B8CA /* Preview Assets.xcassets */ = {isa = PBXFileReference; lastKnownFileType = folder.assetcatalog; path = "Preview Assets.xcassets"; sourceTree = "<group>"; };
		6BB4B14F2B60EF6B0028B8CA /* Assets.xcassets */ = {isa = PBXFileReference; lastKnownFileType = folder.assetcatalog; name = Assets.xcassets; path = ../../../Downloads/Resources/Assets.xcassets; sourceTree = "<group>"; };
		6BB4B1522B60F0490028B8CA /* Color.swift */ = {isa = PBXFileReference; lastKnownFileType = sourcecode.swift; path = Color.swift; sourceTree = "<group>"; };
		6BB4B1592B60F21C0028B8CA /* HomeView.swift */ = {isa = PBXFileReference; lastKnownFileType = sourcecode.swift; path = HomeView.swift; sourceTree = "<group>"; };
		6BB4B15D2B60F3360028B8CA /* CircleButtonView.swift */ = {isa = PBXFileReference; lastKnownFileType = sourcecode.swift; path = CircleButtonView.swift; sourceTree = "<group>"; };
		6BB4B15F2B60F66D0028B8CA /* CircleButtonAnimationView.swift */ = {isa = PBXFileReference; lastKnownFileType = sourcecode.swift; path = CircleButtonAnimationView.swift; sourceTree = "<group>"; };
		6BB4B1622B60F9030028B8CA /* CoinModel.swift */ = {isa = PBXFileReference; lastKnownFileType = sourcecode.swift; path = CoinModel.swift; sourceTree = "<group>"; };
		6BB4B1642B6123870028B8CA /* CoinRowView.swift */ = {isa = PBXFileReference; lastKnownFileType = sourcecode.swift; path = CoinRowView.swift; sourceTree = "<group>"; };
		6BB4B1662B6123E90028B8CA /* PreviewProvider.swift */ = {isa = PBXFileReference; lastKnownFileType = sourcecode.swift; path = PreviewProvider.swift; sourceTree = "<group>"; };
		6BB4B1682B6127910028B8CA /* Double.swift */ = {isa = PBXFileReference; lastKnownFileType = sourcecode.swift; path = Double.swift; sourceTree = "<group>"; };
		6BB4B16A2B6134B40028B8CA /* HomeViewModel.swift */ = {isa = PBXFileReference; lastKnownFileType = sourcecode.swift; path = HomeViewModel.swift; sourceTree = "<group>"; };
		6BB4B16D2B613AE20028B8CA /* CoinDataService.swift */ = {isa = PBXFileReference; lastKnownFileType = sourcecode.swift; path = CoinDataService.swift; sourceTree = "<group>"; };
		6BB4B1702B61636E0028B8CA /* NetworkingManager.swift */ = {isa = PBXFileReference; lastKnownFileType = sourcecode.swift; path = NetworkingManager.swift; sourceTree = "<group>"; };
		6BC244122B62338F0021E863 /* CoinImageView.swift */ = {isa = PBXFileReference; lastKnownFileType = sourcecode.swift; path = CoinImageView.swift; sourceTree = "<group>"; };
		6BC244142B62352E0021E863 /* CoinImageService.swift */ = {isa = PBXFileReference; lastKnownFileType = sourcecode.swift; path = CoinImageService.swift; sourceTree = "<group>"; };
		6BC244162B6237000021E863 /* CoinImageViewModel.swift */ = {isa = PBXFileReference; lastKnownFileType = sourcecode.swift; path = CoinImageViewModel.swift; sourceTree = "<group>"; };
		6BC244182B623E0E0021E863 /* LocalFileManager.swift */ = {isa = PBXFileReference; lastKnownFileType = sourcecode.swift; path = LocalFileManager.swift; sourceTree = "<group>"; };
		6BC2441A2B6265850021E863 /* SearchBarView.swift */ = {isa = PBXFileReference; lastKnownFileType = sourcecode.swift; path = SearchBarView.swift; sourceTree = "<group>"; };
		6BC2441C2B6269640021E863 /* UIApplication.swift */ = {isa = PBXFileReference; lastKnownFileType = sourcecode.swift; path = UIApplication.swift; sourceTree = "<group>"; };
		6BC2441E2B6280D20021E863 /* StatisticModel.swift */ = {isa = PBXFileReference; lastKnownFileType = sourcecode.swift; path = StatisticModel.swift; sourceTree = "<group>"; };
		6BC244202B6282400021E863 /* StatisticView.swift */ = {isa = PBXFileReference; lastKnownFileType = sourcecode.swift; path = StatisticView.swift; sourceTree = "<group>"; };
		6BC244222B6285C90021E863 /* HomeStatsView.swift */ = {isa = PBXFileReference; lastKnownFileType = sourcecode.swift; path = HomeStatsView.swift; sourceTree = "<group>"; };
		6BC244242B6293300021E863 /* MarketDataModel.swift */ = {isa = PBXFileReference; lastKnownFileType = sourcecode.swift; path = MarketDataModel.swift; sourceTree = "<group>"; };
		6BC244262B62977B0021E863 /* MarketDataService.swift */ = {isa = PBXFileReference; lastKnownFileType = sourcecode.swift; path = MarketDataService.swift; sourceTree = "<group>"; };
		6BC244282B62A56E0021E863 /* PortfolioView.swift */ = {isa = PBXFileReference; lastKnownFileType = sourcecode.swift; path = PortfolioView.swift; sourceTree = "<group>"; };
		6BC2442A2B62A95F0021E863 /* XMark.swift */ = {isa = PBXFileReference; lastKnownFileType = sourcecode.swift; path = XMark.swift; sourceTree = "<group>"; };
		6BC2442C2B6386420021E863 /* CoinLogoView.swift */ = {isa = PBXFileReference; lastKnownFileType = sourcecode.swift; path = CoinLogoView.swift; sourceTree = "<group>"; };
		6BC2442F2B6395710021E863 /* PortfolioContainer.xcdatamodel */ = {isa = PBXFileReference; lastKnownFileType = wrapper.xcdatamodel; path = PortfolioContainer.xcdatamodel; sourceTree = "<group>"; };
		6BC244312B6396160021E863 /* PortfolioDataService.swift */ = {isa = PBXFileReference; lastKnownFileType = sourcecode.swift; path = PortfolioDataService.swift; sourceTree = "<group>"; };
		6BC244332B63BDFB0021E863 /* HapticManager.swift */ = {isa = PBXFileReference; lastKnownFileType = sourcecode.swift; path = HapticManager.swift; sourceTree = "<group>"; };
		6BC244382B63C8B90021E863 /* DetailView.swift */ = {isa = PBXFileReference; lastKnownFileType = sourcecode.swift; path = DetailView.swift; sourceTree = "<group>"; };
		6BC2443A2B64D9140021E863 /* CoinDetailModel.swift */ = {isa = PBXFileReference; lastKnownFileType = sourcecode.swift; path = CoinDetailModel.swift; sourceTree = "<group>"; };
		6BC2443C2B64DADC0021E863 /* DetailViewModel.swift */ = {isa = PBXFileReference; lastKnownFileType = sourcecode.swift; path = DetailViewModel.swift; sourceTree = "<group>"; };
		6BC2443E2B64DD000021E863 /* CoinDetailDataService.swift */ = {isa = PBXFileReference; lastKnownFileType = sourcecode.swift; path = CoinDetailDataService.swift; sourceTree = "<group>"; };
		6BC244402B64E1C60021E863 /* String.swift */ = {isa = PBXFileReference; lastKnownFileType = sourcecode.swift; path = String.swift; sourceTree = "<group>"; };
		6BC244422B6501030021E863 /* ChartView.swift */ = {isa = PBXFileReference; lastKnownFileType = sourcecode.swift; path = ChartView.swift; sourceTree = "<group>"; };
		6BC244442B654C580021E863 /* Date.swift */ = {isa = PBXFileReference; lastKnownFileType = sourcecode.swift; path = Date.swift; sourceTree = "<group>"; };
/* End PBXFileReference section */

/* Begin PBXFrameworksBuildPhase section */
		6BB4B13B2B60EEA90028B8CA /* Frameworks */ = {
			isa = PBXFrameworksBuildPhase;
			buildActionMask = 2147483647;
			files = (
			);
			runOnlyForDeploymentPostprocessing = 0;
		};
/* End PBXFrameworksBuildPhase section */

/* Begin PBXGroup section */
		6BB4B1352B60EEA90028B8CA = {
			isa = PBXGroup;
			children = (
				6BB4B1402B60EEA90028B8CA /* Crypto */,
				6BB4B13F2B60EEA90028B8CA /* Products */,
			);
			sourceTree = "<group>";
		};
		6BB4B13F2B60EEA90028B8CA /* Products */ = {
			isa = PBXGroup;
			children = (
				6BB4B13E2B60EEA90028B8CA /* Crypto.app */,
			);
			name = Products;
			sourceTree = "<group>";
		};
		6BB4B1402B60EEA90028B8CA /* Crypto */ = {
			isa = PBXGroup;
			children = (
				6BB4B1412B60EEA90028B8CA /* CryptoApp.swift */,
				6BB4B16F2B6162D10028B8CA /* Utilities */,
				6BB4B1512B60F0330028B8CA /* Extensions */,
				6BB4B16C2B613AB70028B8CA /* Services */,
				6BB4B1612B60F8E00028B8CA /* Models */,
				6BB4B1542B60F1DD0028B8CA /* Core */,
				6BB4B14F2B60EF6B0028B8CA /* Assets.xcassets */,
				6BB4B1472B60EEAB0028B8CA /* Preview Content */,
			);
			path = Crypto;
			sourceTree = "<group>";
		};
		6BB4B1472B60EEAB0028B8CA /* Preview Content */ = {
			isa = PBXGroup;
			children = (
				6BB4B1482B60EEAB0028B8CA /* Preview Assets.xcassets */,
			);
			path = "Preview Content";
			sourceTree = "<group>";
		};
		6BB4B1512B60F0330028B8CA /* Extensions */ = {
			isa = PBXGroup;
			children = (
				6BB4B1522B60F0490028B8CA /* Color.swift */,
				6BB4B1662B6123E90028B8CA /* PreviewProvider.swift */,
				6BB4B1682B6127910028B8CA /* Double.swift */,
				6BC2441C2B6269640021E863 /* UIApplication.swift */,
				6BC244402B64E1C60021E863 /* String.swift */,
				6BC244442B654C580021E863 /* Date.swift */,
			);
			path = Extensions;
			sourceTree = "<group>";
		};
		6BB4B1542B60F1DD0028B8CA /* Core */ = {
			isa = PBXGroup;
			children = (
				6BB4B15B2B60F30E0028B8CA /* Components */,
				6BC244352B63C8530021E863 /* Detail */,
				6BB4B1552B60F1F00028B8CA /* Home */,
			);
			path = Core;
			sourceTree = "<group>";
		};
		6BB4B1552B60F1F00028B8CA /* Home */ = {
			isa = PBXGroup;
			children = (
				6BB4B1582B60F2090028B8CA /* ViewModels */,
				6BB4B1562B60F1F80028B8CA /* Views */,
			);
			path = Home;
			sourceTree = "<group>";
		};
		6BB4B1562B60F1F80028B8CA /* Views */ = {
			isa = PBXGroup;
			children = (
				6BB4B1592B60F21C0028B8CA /* HomeView.swift */,
				6BC244222B6285C90021E863 /* HomeStatsView.swift */,
				6BB4B1642B6123870028B8CA /* CoinRowView.swift */,
				6BC244282B62A56E0021E863 /* PortfolioView.swift */,
			);
			path = Views;
			sourceTree = "<group>";
		};
		6BB4B1582B60F2090028B8CA /* ViewModels */ = {
			isa = PBXGroup;
			children = (
				6BB4B16A2B6134B40028B8CA /* HomeViewModel.swift */,
			);
			path = ViewModels;
			sourceTree = "<group>";
		};
		6BB4B15B2B60F30E0028B8CA /* Components */ = {
			isa = PBXGroup;
			children = (
				6BC244112B6233750021E863 /* CoinImage */,
				6BB4B15C2B60F3240028B8CA /* CircleButton */,
				6BC2441A2B6265850021E863 /* SearchBarView.swift */,
				6BC244202B6282400021E863 /* StatisticView.swift */,
				6BC2442A2B62A95F0021E863 /* XMark.swift */,
			);
			path = Components;
			sourceTree = "<group>";
		};
		6BB4B15C2B60F3240028B8CA /* CircleButton */ = {
			isa = PBXGroup;
			children = (
				6BB4B15D2B60F3360028B8CA /* CircleButtonView.swift */,
				6BB4B15F2B60F66D0028B8CA /* CircleButtonAnimationView.swift */,
			);
			path = CircleButton;
			sourceTree = "<group>";
		};
		6BB4B1612B60F8E00028B8CA /* Models */ = {
			isa = PBXGroup;
			children = (
				6BB4B1622B60F9030028B8CA /* CoinModel.swift */,
				6BC2443A2B64D9140021E863 /* CoinDetailModel.swift */,
				6BC2441E2B6280D20021E863 /* StatisticModel.swift */,
				6BC244242B6293300021E863 /* MarketDataModel.swift */,
				6BC2442E2B6395700021E863 /* PortfolioContainer.xcdatamodeld */,
			);
			path = Models;
			sourceTree = "<group>";
		};
		6BB4B16C2B613AB70028B8CA /* Services */ = {
			isa = PBXGroup;
			children = (
				6BB4B16D2B613AE20028B8CA /* CoinDataService.swift */,
				6BC244142B62352E0021E863 /* CoinImageService.swift */,
				6BC244262B62977B0021E863 /* MarketDataService.swift */,
				6BC244312B6396160021E863 /* PortfolioDataService.swift */,
				6BC2443E2B64DD000021E863 /* CoinDetailDataService.swift */,
			);
			path = Services;
			sourceTree = "<group>";
		};
		6BB4B16F2B6162D10028B8CA /* Utilities */ = {
			isa = PBXGroup;
			children = (
				6BB4B1702B61636E0028B8CA /* NetworkingManager.swift */,
				6BC244182B623E0E0021E863 /* LocalFileManager.swift */,
				6BC244332B63BDFB0021E863 /* HapticManager.swift */,
			);
			path = Utilities;
			sourceTree = "<group>";
		};
		6BC244112B6233750021E863 /* CoinImage */ = {
			isa = PBXGroup;
			children = (
				6BC244122B62338F0021E863 /* CoinImageView.swift */,
				6BC244162B6237000021E863 /* CoinImageViewModel.swift */,
				6BC2442C2B6386420021E863 /* CoinLogoView.swift */,
			);
			path = CoinImage;
			sourceTree = "<group>";
		};
		6BC244352B63C8530021E863 /* Detail */ = {
			isa = PBXGroup;
			children = (
				6BC244362B63C8990021E863 /* ViewModels */,
				6BC244372B63C8A00021E863 /* Views */,
			);
			path = Detail;
			sourceTree = "<group>";
		};
		6BC244362B63C8990021E863 /* ViewModels */ = {
			isa = PBXGroup;
			children = (
				6BC2443C2B64DADC0021E863 /* DetailViewModel.swift */,
			);
			path = ViewModels;
			sourceTree = "<group>";
		};
		6BC244372B63C8A00021E863 /* Views */ = {
			isa = PBXGroup;
			children = (
				6BC244382B63C8B90021E863 /* DetailView.swift */,
				6BC244422B6501030021E863 /* ChartView.swift */,
			);
			path = Views;
			sourceTree = "<group>";
		};
/* End PBXGroup section */

/* Begin PBXNativeTarget section */
		6BB4B13D2B60EEA90028B8CA /* Crypto */ = {
			isa = PBXNativeTarget;
			buildConfigurationList = 6BB4B14C2B60EEAB0028B8CA /* Build configuration list for PBXNativeTarget "Crypto" */;
			buildPhases = (
				6BB4B13A2B60EEA90028B8CA /* Sources */,
				6BB4B13B2B60EEA90028B8CA /* Frameworks */,
				6BB4B13C2B60EEA90028B8CA /* Resources */,
			);
			buildRules = (
			);
			dependencies = (
			);
			name = Crypto;
			productName = Crypto;
			productReference = 6BB4B13E2B60EEA90028B8CA /* Crypto.app */;
			productType = "com.apple.product-type.application";
		};
/* End PBXNativeTarget section */

/* Begin PBXProject section */
		6BB4B1362B60EEA90028B8CA /* Project object */ = {
			isa = PBXProject;
			attributes = {
				BuildIndependentTargetsInParallel = 1;
				LastSwiftUpdateCheck = 1510;
				LastUpgradeCheck = 1510;
				TargetAttributes = {
					6BB4B13D2B60EEA90028B8CA = {
						CreatedOnToolsVersion = 15.1;
					};
				};
			};
			buildConfigurationList = 6BB4B1392B60EEA90028B8CA /* Build configuration list for PBXProject "Crypto" */;
			compatibilityVersion = "Xcode 14.0";
			developmentRegion = en;
			hasScannedForEncodings = 0;
			knownRegions = (
				en,
				Base,
			);
			mainGroup = 6BB4B1352B60EEA90028B8CA;
			productRefGroup = 6BB4B13F2B60EEA90028B8CA /* Products */;
			projectDirPath = "";
			projectRoot = "";
			targets = (
				6BB4B13D2B60EEA90028B8CA /* Crypto */,
			);
		};
/* End PBXProject section */

/* Begin PBXResourcesBuildPhase section */
		6BB4B13C2B60EEA90028B8CA /* Resources */ = {
			isa = PBXResourcesBuildPhase;
			buildActionMask = 2147483647;
			files = (
				6BB4B1492B60EEAB0028B8CA /* Preview Assets.xcassets in Resources */,
				6BB4B1502B60EF6B0028B8CA /* Assets.xcassets in Resources */,
			);
			runOnlyForDeploymentPostprocessing = 0;
		};
/* End PBXResourcesBuildPhase section */

/* Begin PBXSourcesBuildPhase section */
		6BB4B13A2B60EEA90028B8CA /* Sources */ = {
			isa = PBXSourcesBuildPhase;
			buildActionMask = 2147483647;
			files = (
				6BC2441F2B6280D20021E863 /* StatisticModel.swift in Sources */,
				6BC244272B62977C0021E863 /* MarketDataService.swift in Sources */,
				6BC2442D2B6386420021E863 /* CoinLogoView.swift in Sources */,
				6BC244432B6501030021E863 /* ChartView.swift in Sources */,
				6BC244212B6282400021E863 /* StatisticView.swift in Sources */,
				6BC2441D2B6269640021E863 /* UIApplication.swift in Sources */,
				6BC244302B6395710021E863 /* PortfolioContainer.xcdatamodeld in Sources */,
				6BC244452B654C580021E863 /* Date.swift in Sources */,
				6BC244172B6237000021E863 /* CoinImageViewModel.swift in Sources */,
				6BC244132B62338F0021E863 /* CoinImageView.swift in Sources */,
				6BC2443B2B64D9150021E863 /* CoinDetailModel.swift in Sources */,
				6BB4B1652B6123870028B8CA /* CoinRowView.swift in Sources */,
				6BC2442B2B62A95F0021E863 /* XMark.swift in Sources */,
				6BC244292B62A56E0021E863 /* PortfolioView.swift in Sources */,
				6BB4B16B2B6134B40028B8CA /* HomeViewModel.swift in Sources */,
				6BB4B15A2B60F21C0028B8CA /* HomeView.swift in Sources */,
				6BC244412B64E1C60021E863 /* String.swift in Sources */,
				6BC244392B63C8B90021E863 /* DetailView.swift in Sources */,
				6BC2443D2B64DADC0021E863 /* DetailViewModel.swift in Sources */,
				6BB4B1422B60EEA90028B8CA /* CryptoApp.swift in Sources */,
				6BB4B15E2B60F3360028B8CA /* CircleButtonView.swift in Sources */,
				6BC244192B623E0E0021E863 /* LocalFileManager.swift in Sources */,
				6BC244232B6285C90021E863 /* HomeStatsView.swift in Sources */,
				6BB4B1532B60F0490028B8CA /* Color.swift in Sources */,
				6BC244322B6396160021E863 /* PortfolioDataService.swift in Sources */,
				6BC244252B6293300021E863 /* MarketDataModel.swift in Sources */,
				6BB4B1602B60F66D0028B8CA /* CircleButtonAnimationView.swift in Sources */,
				6BB4B1672B6123E90028B8CA /* PreviewProvider.swift in Sources */,
				6BB4B1692B6127910028B8CA /* Double.swift in Sources */,
				6BB4B1712B61636E0028B8CA /* NetworkingManager.swift in Sources */,
				6BC244342B63BDFB0021E863 /* HapticManager.swift in Sources */,
				6BB4B1632B60F9030028B8CA /* CoinModel.swift in Sources */,
				6BC2443F2B64DD000021E863 /* CoinDetailDataService.swift in Sources */,
				6BC244152B62352E0021E863 /* CoinImageService.swift in Sources */,
				6BC2441B2B6265850021E863 /* SearchBarView.swift in Sources */,
				6BB4B16E2B613AE20028B8CA /* CoinDataService.swift in Sources */,
			);
			runOnlyForDeploymentPostprocessing = 0;
		};
/* End PBXSourcesBuildPhase section */

/* Begin XCBuildConfiguration section */
		6BB4B14A2B60EEAB0028B8CA /* Debug */ = {
			isa = XCBuildConfiguration;
			buildSettings = {
				ALWAYS_SEARCH_USER_PATHS = NO;
				ASSETCATALOG_COMPILER_GENERATE_SWIFT_ASSET_SYMBOL_EXTENSIONS = YES;
				CLANG_ANALYZER_NONNULL = YES;
				CLANG_ANALYZER_NUMBER_OBJECT_CONVERSION = YES_AGGRESSIVE;
				CLANG_CXX_LANGUAGE_STANDARD = "gnu++20";
				CLANG_ENABLE_MODULES = YES;
				CLANG_ENABLE_OBJC_ARC = YES;
				CLANG_ENABLE_OBJC_WEAK = YES;
				CLANG_WARN_BLOCK_CAPTURE_AUTORELEASING = YES;
				CLANG_WARN_BOOL_CONVERSION = YES;
				CLANG_WARN_COMMA = YES;
				CLANG_WARN_CONSTANT_CONVERSION = YES;
				CLANG_WARN_DEPRECATED_OBJC_IMPLEMENTATIONS = YES;
				CLANG_WARN_DIRECT_OBJC_ISA_USAGE = YES_ERROR;
				CLANG_WARN_DOCUMENTATION_COMMENTS = YES;
				CLANG_WARN_EMPTY_BODY = YES;
				CLANG_WARN_ENUM_CONVERSION = YES;
				CLANG_WARN_INFINITE_RECURSION = YES;
				CLANG_WARN_INT_CONVERSION = YES;
				CLANG_WARN_NON_LITERAL_NULL_CONVERSION = YES;
				CLANG_WARN_OBJC_IMPLICIT_RETAIN_SELF = YES;
				CLANG_WARN_OBJC_LITERAL_CONVERSION = YES;
				CLANG_WARN_OBJC_ROOT_CLASS = YES_ERROR;
				CLANG_WARN_QUOTED_INCLUDE_IN_FRAMEWORK_HEADER = YES;
				CLANG_WARN_RANGE_LOOP_ANALYSIS = YES;
				CLANG_WARN_STRICT_PROTOTYPES = YES;
				CLANG_WARN_SUSPICIOUS_MOVE = YES;
				CLANG_WARN_UNGUARDED_AVAILABILITY = YES_AGGRESSIVE;
				CLANG_WARN_UNREACHABLE_CODE = YES;
				CLANG_WARN__DUPLICATE_METHOD_MATCH = YES;
				COPY_PHASE_STRIP = NO;
				DEBUG_INFORMATION_FORMAT = dwarf;
				ENABLE_STRICT_OBJC_MSGSEND = YES;
				ENABLE_TESTABILITY = YES;
				ENABLE_USER_SCRIPT_SANDBOXING = YES;
				GCC_C_LANGUAGE_STANDARD = gnu17;
				GCC_DYNAMIC_NO_PIC = NO;
				GCC_NO_COMMON_BLOCKS = YES;
				GCC_OPTIMIZATION_LEVEL = 0;
				GCC_PREPROCESSOR_DEFINITIONS = (
					"DEBUG=1",
					"$(inherited)",
				);
				GCC_WARN_64_TO_32_BIT_CONVERSION = YES;
				GCC_WARN_ABOUT_RETURN_TYPE = YES_ERROR;
				GCC_WARN_UNDECLARED_SELECTOR = YES;
				GCC_WARN_UNINITIALIZED_AUTOS = YES_AGGRESSIVE;
				GCC_WARN_UNUSED_FUNCTION = YES;
				GCC_WARN_UNUSED_VARIABLE = YES;
				IPHONEOS_DEPLOYMENT_TARGET = 17.2;
				LOCALIZATION_PREFERS_STRING_CATALOGS = YES;
				MTL_ENABLE_DEBUG_INFO = INCLUDE_SOURCE;
				MTL_FAST_MATH = YES;
				ONLY_ACTIVE_ARCH = YES;
				SDKROOT = iphoneos;
				SWIFT_ACTIVE_COMPILATION_CONDITIONS = "DEBUG $(inherited)";
				SWIFT_OPTIMIZATION_LEVEL = "-Onone";
			};
			name = Debug;
		};
		6BB4B14B2B60EEAB0028B8CA /* Release */ = {
			isa = XCBuildConfiguration;
			buildSettings = {
				ALWAYS_SEARCH_USER_PATHS = NO;
				ASSETCATALOG_COMPILER_GENERATE_SWIFT_ASSET_SYMBOL_EXTENSIONS = YES;
				CLANG_ANALYZER_NONNULL = YES;
				CLANG_ANALYZER_NUMBER_OBJECT_CONVERSION = YES_AGGRESSIVE;
				CLANG_CXX_LANGUAGE_STANDARD = "gnu++20";
				CLANG_ENABLE_MODULES = YES;
				CLANG_ENABLE_OBJC_ARC = YES;
				CLANG_ENABLE_OBJC_WEAK = YES;
				CLANG_WARN_BLOCK_CAPTURE_AUTORELEASING = YES;
				CLANG_WARN_BOOL_CONVERSION = YES;
				CLANG_WARN_COMMA = YES;
				CLANG_WARN_CONSTANT_CONVERSION = YES;
				CLANG_WARN_DEPRECATED_OBJC_IMPLEMENTATIONS = YES;
				CLANG_WARN_DIRECT_OBJC_ISA_USAGE = YES_ERROR;
				CLANG_WARN_DOCUMENTATION_COMMENTS = YES;
				CLANG_WARN_EMPTY_BODY = YES;
				CLANG_WARN_ENUM_CONVERSION = YES;
				CLANG_WARN_INFINITE_RECURSION = YES;
				CLANG_WARN_INT_CONVERSION = YES;
				CLANG_WARN_NON_LITERAL_NULL_CONVERSION = YES;
				CLANG_WARN_OBJC_IMPLICIT_RETAIN_SELF = YES;
				CLANG_WARN_OBJC_LITERAL_CONVERSION = YES;
				CLANG_WARN_OBJC_ROOT_CLASS = YES_ERROR;
				CLANG_WARN_QUOTED_INCLUDE_IN_FRAMEWORK_HEADER = YES;
				CLANG_WARN_RANGE_LOOP_ANALYSIS = YES;
				CLANG_WARN_STRICT_PROTOTYPES = YES;
				CLANG_WARN_SUSPICIOUS_MOVE = YES;
				CLANG_WARN_UNGUARDED_AVAILABILITY = YES_AGGRESSIVE;
				CLANG_WARN_UNREACHABLE_CODE = YES;
				CLANG_WARN__DUPLICATE_METHOD_MATCH = YES;
				COPY_PHASE_STRIP = NO;
				DEBUG_INFORMATION_FORMAT = "dwarf-with-dsym";
				ENABLE_NS_ASSERTIONS = NO;
				ENABLE_STRICT_OBJC_MSGSEND = YES;
				ENABLE_USER_SCRIPT_SANDBOXING = YES;
				GCC_C_LANGUAGE_STANDARD = gnu17;
				GCC_NO_COMMON_BLOCKS = YES;
				GCC_WARN_64_TO_32_BIT_CONVERSION = YES;
				GCC_WARN_ABOUT_RETURN_TYPE = YES_ERROR;
				GCC_WARN_UNDECLARED_SELECTOR = YES;
				GCC_WARN_UNINITIALIZED_AUTOS = YES_AGGRESSIVE;
				GCC_WARN_UNUSED_FUNCTION = YES;
				GCC_WARN_UNUSED_VARIABLE = YES;
				IPHONEOS_DEPLOYMENT_TARGET = 17.2;
				LOCALIZATION_PREFERS_STRING_CATALOGS = YES;
				MTL_ENABLE_DEBUG_INFO = NO;
				MTL_FAST_MATH = YES;
				SDKROOT = iphoneos;
				SWIFT_COMPILATION_MODE = wholemodule;
				VALIDATE_PRODUCT = YES;
			};
			name = Release;
		};
		6BB4B14D2B60EEAB0028B8CA /* Debug */ = {
			isa = XCBuildConfiguration;
			buildSettings = {
				ASSETCATALOG_COMPILER_APPICON_NAME = AppIcon;
				ASSETCATALOG_COMPILER_GLOBAL_ACCENT_COLOR_NAME = AccentColor;
				CODE_SIGN_STYLE = Automatic;
				CURRENT_PROJECT_VERSION = 1;
				DEVELOPMENT_ASSET_PATHS = "\"Crypto/Preview Content\"";
				DEVELOPMENT_TEAM = 493N43Z9JD;
				ENABLE_PREVIEWS = YES;
				GENERATE_INFOPLIST_FILE = YES;
				INFOPLIST_KEY_CFBundleDisplayName = "My Crypto";
				INFOPLIST_KEY_UIApplicationSceneManifest_Generation = YES;
				INFOPLIST_KEY_UIApplicationSupportsIndirectInputEvents = YES;
				INFOPLIST_KEY_UILaunchScreen_Generation = YES;
				INFOPLIST_KEY_UISupportedInterfaceOrientations = UIInterfaceOrientationPortrait;
				INFOPLIST_KEY_UISupportedInterfaceOrientations_iPad = "UIInterfaceOrientationLandscapeLeft UIInterfaceOrientationLandscapeRight UIInterfaceOrientationPortrait UIInterfaceOrientationPortraitUpsideDown";
				IPHONEOS_DEPLOYMENT_TARGET = 15.0;
				LD_RUNPATH_SEARCH_PATHS = (
					"$(inherited)",
					"@executable_path/Frameworks",
				);
				MARKETING_VERSION = 1.0;
				PRODUCT_BUNDLE_IDENTIFIER = uday.personal.Crypto;
				PRODUCT_NAME = "$(TARGET_NAME)";
				SWIFT_EMIT_LOC_STRINGS = YES;
				SWIFT_VERSION = 5.0;
				TARGETED_DEVICE_FAMILY = "1,2";
			};
			name = Debug;
		};
		6BB4B14E2B60EEAB0028B8CA /* Release */ = {
			isa = XCBuildConfiguration;
			buildSettings = {
				ASSETCATALOG_COMPILER_APPICON_NAME = AppIcon;
				ASSETCATALOG_COMPILER_GLOBAL_ACCENT_COLOR_NAME = AccentColor;
				CODE_SIGN_STYLE = Automatic;
				CURRENT_PROJECT_VERSION = 1;
				DEVELOPMENT_ASSET_PATHS = "\"Crypto/Preview Content\"";
				DEVELOPMENT_TEAM = 493N43Z9JD;
				ENABLE_PREVIEWS = YES;
				GENERATE_INFOPLIST_FILE = YES;
				INFOPLIST_KEY_CFBundleDisplayName = "My Crypto";
				INFOPLIST_KEY_UIApplicationSceneManifest_Generation = YES;
				INFOPLIST_KEY_UIApplicationSupportsIndirectInputEvents = YES;
				INFOPLIST_KEY_UILaunchScreen_Generation = YES;
				INFOPLIST_KEY_UISupportedInterfaceOrientations = UIInterfaceOrientationPortrait;
				INFOPLIST_KEY_UISupportedInterfaceOrientations_iPad = "UIInterfaceOrientationLandscapeLeft UIInterfaceOrientationLandscapeRight UIInterfaceOrientationPortrait UIInterfaceOrientationPortraitUpsideDown";
				IPHONEOS_DEPLOYMENT_TARGET = 15.0;
				LD_RUNPATH_SEARCH_PATHS = (
					"$(inherited)",
					"@executable_path/Frameworks",
				);
				MARKETING_VERSION = 1.0;
				PRODUCT_BUNDLE_IDENTIFIER = uday.personal.Crypto;
				PRODUCT_NAME = "$(TARGET_NAME)";
				SWIFT_EMIT_LOC_STRINGS = YES;
				SWIFT_VERSION = 5.0;
				TARGETED_DEVICE_FAMILY = "1,2";
			};
			name = Release;
		};
/* End XCBuildConfiguration section */

/* Begin XCConfigurationList section */
		6BB4B1392B60EEA90028B8CA /* Build configuration list for PBXProject "Crypto" */ = {
			isa = XCConfigurationList;
			buildConfigurations = (
				6BB4B14A2B60EEAB0028B8CA /* Debug */,
				6BB4B14B2B60EEAB0028B8CA /* Release */,
			);
			defaultConfigurationIsVisible = 0;
			defaultConfigurationName = Release;
		};
		6BB4B14C2B60EEAB0028B8CA /* Build configuration list for PBXNativeTarget "Crypto" */ = {
			isa = XCConfigurationList;
			buildConfigurations = (
				6BB4B14D2B60EEAB0028B8CA /* Debug */,
				6BB4B14E2B60EEAB0028B8CA /* Release */,
			);
			defaultConfigurationIsVisible = 0;
			defaultConfigurationName = Release;
		};
/* End XCConfigurationList section */

/* Begin XCVersionGroup section */
		6BC2442E2B6395700021E863 /* PortfolioContainer.xcdatamodeld */ = {
			isa = XCVersionGroup;
			children = (
				6BC2442F2B6395710021E863 /* PortfolioContainer.xcdatamodel */,
			);
			currentVersion = 6BC2442F2B6395710021E863 /* PortfolioContainer.xcdatamodel */;
			path = PortfolioContainer.xcdatamodeld;
			sourceTree = "<group>";
			versionGroupType = wrapper.xcdatamodel;
		};
/* End XCVersionGroup section */
	};
	rootObject = 6BB4B1362B60EEA90028B8CA /* Project object */;
}
