// !$*UTF8*$!
{
	archiveVersion = 1;
	classes = {
	};
	objectVersion = 56;
	objects = {

/* Begin PBXBuildFile section */
		6BB4B1422B60EEA90028B8CA /* CryptoApp.swift in Sources */ = {isa = PBXBuildFile; fileRef = 6BB4B1412B60EEA90028B8CA /* CryptoApp.swift */; };
		6BB4B1442B60EEA90028B8CA /* ContentView.swift in Sources */ = {isa = PBXBuildFile; fileRef = 6BB4B1432B60EEA90028B8CA /* ContentView.swift */; };
		6BB4B1492B60EEAB0028B8CA /* Preview Assets.xcassets in Resources */ = {isa = PBXBuildFile; fileRef = 6BB4B1482B60EEAB0028B8CA /* Preview Assets.xcassets */; };
		6BB4B1502B60EF6B0028B8CA /* Assets.xcassets in Resources */ = {isa = PBXBuildFile; fileRef = 6BB4B14F2B60EF6B0028B8CA /* Assets.xcassets */; };
		6BB4B1532B60F0490028B8CA /* Color.swift in Sources */ = {isa = PBXBuildFile; fileRef = 6BB4B1522B60F0490028B8CA /* Color.swift */; };
		6BB4B15A2B60F21C0028B8CA /* HomeView.swift in Sources */ = {isa = PBXBuildFile; fileRef = 6BB4B1592B60F21C0028B8CA /* HomeView.swift */; };
		6BB4B15E2B60F3360028B8CA /* CircleButtonView.swift in Sources */ = {isa = PBXBuildFile; fileRef = 6BB4B15D2B60F3360028B8CA /* CircleButtonView.swift */; };
		6BB4B1602B60F66D0028B8CA /* CircleButtonAnimationView.swift in Sources */ = {isa = PBXBuildFile; fileRef = 6BB4B15F2B60F66D0028B8CA /* CircleButtonAnimationView.swift */; };
		6BB4B1632B60F9030028B8CA /* CoinModel.swift in Sources */ = {isa = PBXBuildFile; fileRef = 6BB4B1622B60F9030028B8CA /* CoinModel.swift */; };
		6BB4B1652B6123870028B8CA /* CoinRowView.swift in Sources */ = {isa = PBXBuildFile; fileRef = 6BB4B1642B6123870028B8CA /* CoinRowView.swift */; };
		6BB4B1672B6123E90028B8CA /* PreviewProvider.swift in Sources */ = {isa = PBXBuildFile; fileRef = 6BB4B1662B6123E90028B8CA /* PreviewProvider.swift */; };
		6BB4B1692B6127910028B8CA /* Double.swift in Sources */ = {isa = PBXBuildFile; fileRef = 6BB4B1682B6127910028B8CA /* Double.swift */; };
/* End PBXBuildFile section */

/* Begin PBXFileReference section */
		6BB4B13E2B60EEA90028B8CA /* Crypto.app */ = {isa = PBXFileReference; explicitFileType = wrapper.application; includeInIndex = 0; path = Crypto.app; sourceTree = BUILT_PRODUCTS_DIR; };
		6BB4B1412B60EEA90028B8CA /* CryptoApp.swift */ = {isa = PBXFileReference; lastKnownFileType = sourcecode.swift; path = CryptoApp.swift; sourceTree = "<group>"; };
		6BB4B1432B60EEA90028B8CA /* ContentView.swift */ = {isa = PBXFileReference; lastKnownFileType = sourcecode.swift; path = ContentView.swift; sourceTree = "<group>"; };
		6BB4B1482B60EEAB0028B8CA /* Preview Assets.xcassets */ = {isa = PBXFileReference; lastKnownFileType = folder.assetcatalog; path = "Preview Assets.xcassets"; sourceTree = "<group>"; };
		6BB4B14F2B60EF6B0028B8CA /* Assets.xcassets */ = {isa = PBXFileReference; lastKnownFileType = folder.assetcatalog; name = Assets.xcassets; path = ../../../Downloads/Resources/Assets.xcassets; sourceTree = "<group>"; };
		6BB4B1522B60F0490028B8CA /* Color.swift */ = {isa = PBXFileReference; lastKnownFileType = sourcecode.swift; path = Color.swift; sourceTree = "<group>"; };
		6BB4B1592B60F21C0028B8CA /* HomeView.swift */ = {isa = PBXFileReference; lastKnownFileType = sourcecode.swift; path = HomeView.swift; sourceTree = "<group>"; };
		6BB4B15D2B60F3360028B8CA /* CircleButtonView.swift */ = {isa = PBXFileReference; lastKnownFileType = sourcecode.swift; path = CircleButtonView.swift; sourceTree = "<group>"; };
		6BB4B15F2B60F66D0028B8CA /* CircleButtonAnimationView.swift */ = {isa = PBXFileReference; lastKnownFileType = sourcecode.swift; path = CircleButtonAnimationView.swift; sourceTree = "<group>"; };
		6BB4B1622B60F9030028B8CA /* CoinModel.swift */ = {isa = PBXFileReference; lastKnownFileType = sourcecode.swift; path = CoinModel.swift; sourceTree = "<group>"; };
		6BB4B1642B6123870028B8CA /* CoinRowView.swift */ = {isa = PBXFileReference; lastKnownFileType = sourcecode.swift; path = CoinRowView.swift; sourceTree = "<group>"; };
		6BB4B1662B6123E90028B8CA /* PreviewProvider.swift */ = {isa = PBXFileReference; lastKnownFileType = sourcecode.swift; path = PreviewProvider.swift; sourceTree = "<group>"; };
		6BB4B1682B6127910028B8CA /* Double.swift */ = {isa = PBXFileReference; lastKnownFileType = sourcecode.swift; path = Double.swift; sourceTree = "<group>"; };
/* End PBXFileReference section */

/* Begin PBXFrameworksBuildPhase section */
		6BB4B13B2B60EEA90028B8CA /* Frameworks */ = {
			isa = PBXFrameworksBuildPhase;
			buildActionMask = 2147483647;
			files = (
			);
			runOnlyForDeploymentPostprocessing = 0;
		};
/* End PBXFrameworksBuildPhase section */

/* Begin PBXGroup section */
		6BB4B1352B60EEA90028B8CA = {
			isa = PBXGroup;
			children = (
				6BB4B1402B60EEA90028B8CA /* Crypto */,
				6BB4B13F2B60EEA90028B8CA /* Products */,
			);
			sourceTree = "<group>";
		};
		6BB4B13F2B60EEA90028B8CA /* Products */ = {
			isa = PBXGroup;
			children = (
				6BB4B13E2B60EEA90028B8CA /* Crypto.app */,
			);
			name = Products;
			sourceTree = "<group>";
		};
		6BB4B1402B60EEA90028B8CA /* Crypto */ = {
			isa = PBXGroup;
			children = (
				6BB4B1512B60F0330028B8CA /* Extensions */,
				6BB4B1412B60EEA90028B8CA /* CryptoApp.swift */,
				6BB4B1432B60EEA90028B8CA /* ContentView.swift */,
				6BB4B1612B60F8E00028B8CA /* Models */,
				6BB4B1542B60F1DD0028B8CA /* Core */,
				6BB4B14F2B60EF6B0028B8CA /* Assets.xcassets */,
				6BB4B1472B60EEAB0028B8CA /* Preview Content */,
			);
			path = Crypto;
			sourceTree = "<group>";
		};
		6BB4B1472B60EEAB0028B8CA /* Preview Content */ = {
			isa = PBXGroup;
			children = (
				6BB4B1482B60EEAB0028B8CA /* Preview Assets.xcassets */,
			);
			path = "Preview Content";
			sourceTree = "<group>";
		};
		6BB4B1512B60F0330028B8CA /* Extensions */ = {
			isa = PBXGroup;
			children = (
				6BB4B1522B60F0490028B8CA /* Color.swift */,
				6BB4B1662B6123E90028B8CA /* PreviewProvider.swift */,
				6BB4B1682B6127910028B8CA /* Double.swift */,
			);
			path = Extensions;
			sourceTree = "<group>";
		};
		6BB4B1542B60F1DD0028B8CA /* Core */ = {
			isa = PBXGroup;
			children = (
				6BB4B15B2B60F30E0028B8CA /* Components */,
				6BB4B1552B60F1F00028B8CA /* Home */,
			);
			path = Core;
			sourceTree = "<group>";
		};
		6BB4B1552B60F1F00028B8CA /* Home */ = {
			isa = PBXGroup;
			children = (
				6BB4B1582B60F2090028B8CA /* ViewModels */,
				6BB4B1562B60F1F80028B8CA /* Views */,
			);
			path = Home;
			sourceTree = "<group>";
		};
		6BB4B1562B60F1F80028B8CA /* Views */ = {
			isa = PBXGroup;
			children = (
				6BB4B1592B60F21C0028B8CA /* HomeView.swift */,
				6BB4B1642B6123870028B8CA /* CoinRowView.swift */,
			);
			path = Views;
			sourceTree = "<group>";
		};
		6BB4B1582B60F2090028B8CA /* ViewModels */ = {
			isa = PBXGroup;
			children = (
			);
			path = ViewModels;
			sourceTree = "<group>";
		};
		6BB4B15B2B60F30E0028B8CA /* Components */ = {
			isa = PBXGroup;
			children = (
				6BB4B15C2B60F3240028B8CA /* CircleButton */,
			);
			path = Components;
			sourceTree = "<group>";
		};
		6BB4B15C2B60F3240028B8CA /* CircleButton */ = {
			isa = PBXGroup;
			children = (
				6BB4B15D2B60F3360028B8CA /* CircleButtonView.swift */,
				6BB4B15F2B60F66D0028B8CA /* CircleButtonAnimationView.swift */,
			);
			path = CircleButton;
			sourceTree = "<group>";
		};
		6BB4B1612B60F8E00028B8CA /* Models */ = {
			isa = PBXGroup;
			children = (
				6BB4B1622B60F9030028B8CA /* CoinModel.swift */,
			);
			path = Models;
			sourceTree = "<group>";
		};
/* End PBXGroup section */

/* Begin PBXNativeTarget section */
		6BB4B13D2B60EEA90028B8CA /* Crypto */ = {
			isa = PBXNativeTarget;
			buildConfigurationList = 6BB4B14C2B60EEAB0028B8CA /* Build configuration list for PBXNativeTarget "Crypto" */;
			buildPhases = (
				6BB4B13A2B60EEA90028B8CA /* Sources */,
				6BB4B13B2B60EEA90028B8CA /* Frameworks */,
				6BB4B13C2B60EEA90028B8CA /* Resources */,
			);
			buildRules = (
			);
			dependencies = (
			);
			name = Crypto;
			productName = Crypto;
			productReference = 6BB4B13E2B60EEA90028B8CA /* Crypto.app */;
			productType = "com.apple.product-type.application";
		};
/* End PBXNativeTarget section */

/* Begin PBXProject section */
		6BB4B1362B60EEA90028B8CA /* Project object */ = {
			isa = PBXProject;
			attributes = {
				BuildIndependentTargetsInParallel = 1;
				LastSwiftUpdateCheck = 1510;
				LastUpgradeCheck = 1510;
				TargetAttributes = {
					6BB4B13D2B60EEA90028B8CA = {
						CreatedOnToolsVersion = 15.1;
					};
				};
			};
			buildConfigurationList = 6BB4B1392B60EEA90028B8CA /* Build configuration list for PBXProject "Crypto" */;
			compatibilityVersion = "Xcode 14.0";
			developmentRegion = en;
			hasScannedForEncodings = 0;
			knownRegions = (
				en,
				Base,
			);
			mainGroup = 6BB4B1352B60EEA90028B8CA;
			productRefGroup = 6BB4B13F2B60EEA90028B8CA /* Products */;
			projectDirPath = "";
			projectRoot = "";
			targets = (
				6BB4B13D2B60EEA90028B8CA /* Crypto */,
			);
		};
/* End PBXProject section */

/* Begin PBXResourcesBuildPhase section */
		6BB4B13C2B60EEA90028B8CA /* Resources */ = {
			isa = PBXResourcesBuildPhase;
			buildActionMask = 2147483647;
			files = (
				6BB4B1492B60EEAB0028B8CA /* Preview Assets.xcassets in Resources */,
				6BB4B1502B60EF6B0028B8CA /* Assets.xcassets in Resources */,
			);
			runOnlyForDeploymentPostprocessing = 0;
		};
/* End PBXResourcesBuildPhase section */

/* Begin PBXSourcesBuildPhase section */
		6BB4B13A2B60EEA90028B8CA /* Sources */ = {
			isa = PBXSourcesBuildPhase;
			buildActionMask = 2147483647;
			files = (
				6BB4B1652B6123870028B8CA /* CoinRowView.swift in Sources */,
				6BB4B1442B60EEA90028B8CA /* ContentView.swift in Sources */,
				6BB4B15A2B60F21C0028B8CA /* HomeView.swift in Sources */,
				6BB4B1422B60EEA90028B8CA /* CryptoApp.swift in Sources */,
				6BB4B15E2B60F3360028B8CA /* CircleButtonView.swift in Sources */,
				6BB4B1532B60F0490028B8CA /* Color.swift in Sources */,
				6BB4B1602B60F66D0028B8CA /* CircleButtonAnimationView.swift in Sources */,
				6BB4B1672B6123E90028B8CA /* PreviewProvider.swift in Sources */,
				6BB4B1692B6127910028B8CA /* Double.swift in Sources */,
				6BB4B1632B60F9030028B8CA /* CoinModel.swift in Sources */,
			);
			runOnlyForDeploymentPostprocessing = 0;
		};
/* End PBXSourcesBuildPhase section */

/* Begin XCBuildConfiguration section */
		6BB4B14A2B60EEAB0028B8CA /* Debug */ = {
			isa = XCBuildConfiguration;
			buildSettings = {
				ALWAYS_SEARCH_USER_PATHS = NO;
				ASSETCATALOG_COMPILER_GENERATE_SWIFT_ASSET_SYMBOL_EXTENSIONS = YES;
				CLANG_ANALYZER_NONNULL = YES;
				CLANG_ANALYZER_NUMBER_OBJECT_CONVERSION = YES_AGGRESSIVE;
				CLANG_CXX_LANGUAGE_STANDARD = "gnu++20";
				CLANG_ENABLE_MODULES = YES;
				CLANG_ENABLE_OBJC_ARC = YES;
				CLANG_ENABLE_OBJC_WEAK = YES;
				CLANG_WARN_BLOCK_CAPTURE_AUTORELEASING = YES;
				CLANG_WARN_BOOL_CONVERSION = YES;
				CLANG_WARN_COMMA = YES;
				CLANG_WARN_CONSTANT_CONVERSION = YES;
				CLANG_WARN_DEPRECATED_OBJC_IMPLEMENTATIONS = YES;
				CLANG_WARN_DIRECT_OBJC_ISA_USAGE = YES_ERROR;
				CLANG_WARN_DOCUMENTATION_COMMENTS = YES;
				CLANG_WARN_EMPTY_BODY = YES;
				CLANG_WARN_ENUM_CONVERSION = YES;
				CLANG_WARN_INFINITE_RECURSION = YES;
				CLANG_WARN_INT_CONVERSION = YES;
				CLANG_WARN_NON_LITERAL_NULL_CONVERSION = YES;
				CLANG_WARN_OBJC_IMPLICIT_RETAIN_SELF = YES;
				CLANG_WARN_OBJC_LITERAL_CONVERSION = YES;
				CLANG_WARN_OBJC_ROOT_CLASS = YES_ERROR;
				CLANG_WARN_QUOTED_INCLUDE_IN_FRAMEWORK_HEADER = YES;
				CLANG_WARN_RANGE_LOOP_ANALYSIS = YES;
				CLANG_WARN_STRICT_PROTOTYPES = YES;
				CLANG_WARN_SUSPICIOUS_MOVE = YES;
				CLANG_WARN_UNGUARDED_AVAILABILITY = YES_AGGRESSIVE;
				CLANG_WARN_UNREACHABLE_CODE = YES;
				CLANG_WARN__DUPLICATE_METHOD_MATCH = YES;
				COPY_PHASE_STRIP = NO;
				DEBUG_INFORMATION_FORMAT = dwarf;
				ENABLE_STRICT_OBJC_MSGSEND = YES;
				ENABLE_TESTABILITY = YES;
				ENABLE_USER_SCRIPT_SANDBOXING = YES;
				GCC_C_LANGUAGE_STANDARD = gnu17;
				GCC_DYNAMIC_NO_PIC = NO;
				GCC_NO_COMMON_BLOCKS = YES;
				GCC_OPTIMIZATION_LEVEL = 0;
				GCC_PREPROCESSOR_DEFINITIONS = (
					"DEBUG=1",
					"$(inherited)",
				);
				GCC_WARN_64_TO_32_BIT_CONVERSION = YES;
				GCC_WARN_ABOUT_RETURN_TYPE = YES_ERROR;
				GCC_WARN_UNDECLARED_SELECTOR = YES;
				GCC_WARN_UNINITIALIZED_AUTOS = YES_AGGRESSIVE;
				GCC_WARN_UNUSED_FUNCTION = YES;
				GCC_WARN_UNUSED_VARIABLE = YES;
				IPHONEOS_DEPLOYMENT_TARGET = 17.2;
				LOCALIZATION_PREFERS_STRING_CATALOGS = YES;
				MTL_ENABLE_DEBUG_INFO = INCLUDE_SOURCE;
				MTL_FAST_MATH = YES;
				ONLY_ACTIVE_ARCH = YES;
				SDKROOT = iphoneos;
				SWIFT_ACTIVE_COMPILATION_CONDITIONS = "DEBUG $(inherited)";
				SWIFT_OPTIMIZATION_LEVEL = "-Onone";
			};
			name = Debug;
		};
		6BB4B14B2B60EEAB0028B8CA /* Release */ = {
			isa = XCBuildConfiguration;
			buildSettings = {
				ALWAYS_SEARCH_USER_PATHS = NO;
				ASSETCATALOG_COMPILER_GENERATE_SWIFT_ASSET_SYMBOL_EXTENSIONS = YES;
				CLANG_ANALYZER_NONNULL = YES;
				CLANG_ANALYZER_NUMBER_OBJECT_CONVERSION = YES_AGGRESSIVE;
				CLANG_CXX_LANGUAGE_STANDARD = "gnu++20";
				CLANG_ENABLE_MODULES = YES;
				CLANG_ENABLE_OBJC_ARC = YES;
				CLANG_ENABLE_OBJC_WEAK = YES;
				CLANG_WARN_BLOCK_CAPTURE_AUTORELEASING = YES;
				CLANG_WARN_BOOL_CONVERSION = YES;
				CLANG_WARN_COMMA = YES;
				CLANG_WARN_CONSTANT_CONVERSION = YES;
				CLANG_WARN_DEPRECATED_OBJC_IMPLEMENTATIONS = YES;
				CLANG_WARN_DIRECT_OBJC_ISA_USAGE = YES_ERROR;
				CLANG_WARN_DOCUMENTATION_COMMENTS = YES;
				CLANG_WARN_EMPTY_BODY = YES;
				CLANG_WARN_ENUM_CONVERSION = YES;
				CLANG_WARN_INFINITE_RECURSION = YES;
				CLANG_WARN_INT_CONVERSION = YES;
				CLANG_WARN_NON_LITERAL_NULL_CONVERSION = YES;
				CLANG_WARN_OBJC_IMPLICIT_RETAIN_SELF = YES;
				CLANG_WARN_OBJC_LITERAL_CONVERSION = YES;
				CLANG_WARN_OBJC_ROOT_CLASS = YES_ERROR;
				CLANG_WARN_QUOTED_INCLUDE_IN_FRAMEWORK_HEADER = YES;
				CLANG_WARN_RANGE_LOOP_ANALYSIS = YES;
				CLANG_WARN_STRICT_PROTOTYPES = YES;
				CLANG_WARN_SUSPICIOUS_MOVE = YES;
				CLANG_WARN_UNGUARDED_AVAILABILITY = YES_AGGRESSIVE;
				CLANG_WARN_UNREACHABLE_CODE = YES;
				CLANG_WARN__DUPLICATE_METHOD_MATCH = YES;
				COPY_PHASE_STRIP = NO;
				DEBUG_INFORMATION_FORMAT = "dwarf-with-dsym";
				ENABLE_NS_ASSERTIONS = NO;
				ENABLE_STRICT_OBJC_MSGSEND = YES;
				ENABLE_USER_SCRIPT_SANDBOXING = YES;
				GCC_C_LANGUAGE_STANDARD = gnu17;
				GCC_NO_COMMON_BLOCKS = YES;
				GCC_WARN_64_TO_32_BIT_CONVERSION = YES;
				GCC_WARN_ABOUT_RETURN_TYPE = YES_ERROR;
				GCC_WARN_UNDECLARED_SELECTOR = YES;
				GCC_WARN_UNINITIALIZED_AUTOS = YES_AGGRESSIVE;
				GCC_WARN_UNUSED_FUNCTION = YES;
				GCC_WARN_UNUSED_VARIABLE = YES;
				IPHONEOS_DEPLOYMENT_TARGET = 17.2;
				LOCALIZATION_PREFERS_STRING_CATALOGS = YES;
				MTL_ENABLE_DEBUG_INFO = NO;
				MTL_FAST_MATH = YES;
				SDKROOT = iphoneos;
				SWIFT_COMPILATION_MODE = wholemodule;
				VALIDATE_PRODUCT = YES;
			};
			name = Release;
		};
		6BB4B14D2B60EEAB0028B8CA /* Debug */ = {
			isa = XCBuildConfiguration;
			buildSettings = {
				ASSETCATALOG_COMPILER_APPICON_NAME = AppIcon;
				ASSETCATALOG_COMPILER_GLOBAL_ACCENT_COLOR_NAME = AccentColor;
				CODE_SIGN_STYLE = Automatic;
				CURRENT_PROJECT_VERSION = 1;
				DEVELOPMENT_ASSET_PATHS = "\"Crypto/Preview Content\"";
				DEVELOPMENT_TEAM = 493N43Z9JD;
				ENABLE_PREVIEWS = YES;
				GENERATE_INFOPLIST_FILE = YES;
				INFOPLIST_KEY_CFBundleDisplayName = "My Crypto";
				INFOPLIST_KEY_UIApplicationSceneManifest_Generation = YES;
				INFOPLIST_KEY_UIApplicationSupportsIndirectInputEvents = YES;
				INFOPLIST_KEY_UILaunchScreen_Generation = YES;
				INFOPLIST_KEY_UISupportedInterfaceOrientations = UIInterfaceOrientationPortrait;
				INFOPLIST_KEY_UISupportedInterfaceOrientations_iPad = "UIInterfaceOrientationLandscapeLeft UIInterfaceOrientationLandscapeRight UIInterfaceOrientationPortrait UIInterfaceOrientationPortraitUpsideDown";
				IPHONEOS_DEPLOYMENT_TARGET = 15.0;
				LD_RUNPATH_SEARCH_PATHS = (
					"$(inherited)",
					"@executable_path/Frameworks",
				);
				MARKETING_VERSION = 1.0;
				PRODUCT_BUNDLE_IDENTIFIER = uday.personal.Crypto;
				PRODUCT_NAME = "$(TARGET_NAME)";
				SWIFT_EMIT_LOC_STRINGS = YES;
				SWIFT_VERSION = 5.0;
				TARGETED_DEVICE_FAMILY = "1,2";
			};
			name = Debug;
		};
		6BB4B14E2B60EEAB0028B8CA /* Release */ = {
			isa = XCBuildConfiguration;
			buildSettings = {
				ASSETCATALOG_COMPILER_APPICON_NAME = AppIcon;
				ASSETCATALOG_COMPILER_GLOBAL_ACCENT_COLOR_NAME = AccentColor;
				CODE_SIGN_STYLE = Automatic;
				CURRENT_PROJECT_VERSION = 1;
				DEVELOPMENT_ASSET_PATHS = "\"Crypto/Preview Content\"";
				DEVELOPMENT_TEAM = 493N43Z9JD;
				ENABLE_PREVIEWS = YES;
				GENERATE_INFOPLIST_FILE = YES;
				INFOPLIST_KEY_CFBundleDisplayName = "My Crypto";
				INFOPLIST_KEY_UIApplicationSceneManifest_Generation = YES;
				INFOPLIST_KEY_UIApplicationSupportsIndirectInputEvents = YES;
				INFOPLIST_KEY_UILaunchScreen_Generation = YES;
				INFOPLIST_KEY_UISupportedInterfaceOrientations = UIInterfaceOrientationPortrait;
				INFOPLIST_KEY_UISupportedInterfaceOrientations_iPad = "UIInterfaceOrientationLandscapeLeft UIInterfaceOrientationLandscapeRight UIInterfaceOrientationPortrait UIInterfaceOrientationPortraitUpsideDown";
				IPHONEOS_DEPLOYMENT_TARGET = 15.0;
				LD_RUNPATH_SEARCH_PATHS = (
					"$(inherited)",
					"@executable_path/Frameworks",
				);
				MARKETING_VERSION = 1.0;
				PRODUCT_BUNDLE_IDENTIFIER = uday.personal.Crypto;
				PRODUCT_NAME = "$(TARGET_NAME)";
				SWIFT_EMIT_LOC_STRINGS = YES;
				SWIFT_VERSION = 5.0;
				TARGETED_DEVICE_FAMILY = "1,2";
			};
			name = Release;
		};
/* End XCBuildConfiguration section */

/* Begin XCConfigurationList section */
		6BB4B1392B60EEA90028B8CA /* Build configuration list for PBXProject "Crypto" */ = {
			isa = XCConfigurationList;
			buildConfigurations = (
				6BB4B14A2B60EEAB0028B8CA /* Debug */,
				6BB4B14B2B60EEAB0028B8CA /* Release */,
			);
			defaultConfigurationIsVisible = 0;
			defaultConfigurationName = Release;
		};
		6BB4B14C2B60EEAB0028B8CA /* Build configuration list for PBXNativeTarget "Crypto" */ = {
			isa = XCConfigurationList;
			buildConfigurations = (
				6BB4B14D2B60EEAB0028B8CA /* Debug */,
				6BB4B14E2B60EEAB0028B8CA /* Release */,
			);
			defaultConfigurationIsVisible = 0;
			defaultConfigurationName = Release;
		};
/* End XCConfigurationList section */
	};
	rootObject = 6BB4B1362B60EEA90028B8CA /* Project object */;
}
